
Microsoft Visual Studio Solution File, Format Version 12.00
# Visual Studio Version 17
VisualStudioVersion = 17.4.33103.184
MinimumVisualStudioVersion = 10.0.40219.1
Project("{FAE04EC0-301F-11D3-BF4B-00C04F79EFBC}") = "YetAnotherNote", "YetAnotherNote.csproj", "{E00498B4-1041-45B4-88A2-877151F70CAE}"
EndProject
Global
	GlobalSection(SolutionConfigurationPlatforms) = preSolution
		Debug|Any CPU = Debug|Any CPU
		Release|Any CPU = Release|Any CPU
	EndGlobalSection
	GlobalSection(ProjectConfigurationPlatforms) = postSolution
		{E00498B4-1041-45B4-88A2-877151F70CAE}.Debug|Any CPU.ActiveCfg = Debug|Any CPU
		{E00498B4-1041-45B4-88A2-877151F70CAE}.Debug|Any CPU.Build.0 = Debug|Any CPU
		{E00498B4-1041-45B4-88A2-877151F70CAE}.Release|Any CPU.ActiveCfg = Release|Any CPU
		{E00498B4-1041-45B4-88A2-877151F70CAE}.Release|Any CPU.Build.0 = Release|Any CPU
	EndGlobalSection
	GlobalSection(SolutionProperties) = preSolution
		HideSolutionNode = FALSE
	EndGlobalSection
	GlobalSection(ExtensibilityGlobals) = postSolution
		SolutionGuid = {5107C954-9D1D-459D-8C8A-2B468C610516}
	EndGlobalSection
EndGlobal
